
Microsoft Visual Studio Solution File, Format Version 12.00
# Visual Studio Express 2012 for Windows Desktop
Project("{FAE04EC0-301F-11D3-BF4B-00C04F79EFBC}") = "Zadaca2_Zadatak2", "Zadaca2_Zadatak2\Zadaca2_Zadatak2.csproj", "{87487E78-6FF2-4541-A37A-E8F5F0409BB5}"
EndProject
Project("{FAE04EC0-301F-11D3-BF4B-00C04F79EFBC}") = "PosebnaKontrola", "PosebnaKontrola\PosebnaKontrola.csproj", "{2E30DE30-7F93-4052-83C4-ACC121A85D23}"
EndProject
Global
	GlobalSection(SolutionConfigurationPlatforms) = preSolution
		Debug|Any CPU = Debug|Any CPU
		Release|Any CPU = Release|Any CPU
	EndGlobalSection
	GlobalSection(ProjectConfigurationPlatforms) = postSolution
		{87487E78-6FF2-4541-A37A-E8F5F0409BB5}.Debug|Any CPU.ActiveCfg = Debug|Any CPU
		{87487E78-6FF2-4541-A37A-E8F5F0409BB5}.Debug|Any CPU.Build.0 = Debug|Any CPU
		{87487E78-6FF2-4541-A37A-E8F5F0409BB5}.Release|Any CPU.ActiveCfg = Release|Any CPU
		{87487E78-6FF2-4541-A37A-E8F5F0409BB5}.Release|Any CPU.Build.0 = Release|Any CPU
		{2E30DE30-7F93-4052-83C4-ACC121A85D23}.Debug|Any CPU.ActiveCfg = Debug|Any CPU
		{2E30DE30-7F93-4052-83C4-ACC121A85D23}.Debug|Any CPU.Build.0 = Debug|Any CPU
		{2E30DE30-7F93-4052-83C4-ACC121A85D23}.Release|Any CPU.ActiveCfg = Release|Any CPU
		{2E30DE30-7F93-4052-83C4-ACC121A85D23}.Release|Any CPU.Build.0 = Release|Any CPU
	EndGlobalSection
	GlobalSection(SolutionProperties) = preSolution
		HideSolutionNode = FALSE
	EndGlobalSection
EndGlobal
